
Microsoft Visual Studio Solution File, Format Version 12.00
# Visual Studio Version 17
VisualStudioVersion = 17.11.35312.102
MinimumVisualStudioVersion = 10.0.40219.1
Project("{FAE04EC0-301F-11D3-BF4B-00C04F79EFBC}") = "FitnessApp.Web", "FitnessApp.Web\FitnessApp.Web.csproj", "{EE1CDA9D-9D5F-4BE9-8874-C76F845134DE}"
EndProject
Project("{2150E333-8FDC-42A3-9474-1A3956D46DE8}") = "Web", "Web", "{4654680D-2D12-4EB8-BECE-BF90C6F9F118}"
EndProject
Project("{2150E333-8FDC-42A3-9474-1A3956D46DE8}") = "Data", "Data", "{3C3831BE-095A-4097-A81D-38C5E6E2C846}"
EndProject
Project("{FAE04EC0-301F-11D3-BF4B-00C04F79EFBC}") = "FitnessApp.Web.ViewModels", "FitnessApp.Web.ViewModels\FitnessApp.Web.ViewModels.csproj", "{09907140-36B7-4386-B91D-ABC17F6530D3}"
EndProject
Project("{FAE04EC0-301F-11D3-BF4B-00C04F79EFBC}") = "FitnessApp.Data", "FitnessApp.Data\FitnessApp.Data.csproj", "{95565B1D-5CB8-453E-956A-308C1B1BDF41}"
EndProject
Project("{FAE04EC0-301F-11D3-BF4B-00C04F79EFBC}") = "FitnessApp.Data.Models", "FitnessApp.Data.Models\FitnessApp.Data.Models.csproj", "{29BD8F74-7DBA-4792-B30E-A7A972EFBBC5}"
EndProject
Project("{FAE04EC0-301F-11D3-BF4B-00C04F79EFBC}") = "FitnessApp.Common", "FitnessApp.Common\FitnessApp.Common.csproj", "{BE888D40-F8EE-41F0-AF89-5B8682448060}"
EndProject
Global
	GlobalSection(SolutionConfigurationPlatforms) = preSolution
		Debug|Any CPU = Debug|Any CPU
		Release|Any CPU = Release|Any CPU
	EndGlobalSection
	GlobalSection(ProjectConfigurationPlatforms) = postSolution
		{EE1CDA9D-9D5F-4BE9-8874-C76F845134DE}.Debug|Any CPU.ActiveCfg = Debug|Any CPU
		{EE1CDA9D-9D5F-4BE9-8874-C76F845134DE}.Debug|Any CPU.Build.0 = Debug|Any CPU
		{EE1CDA9D-9D5F-4BE9-8874-C76F845134DE}.Release|Any CPU.ActiveCfg = Release|Any CPU
		{EE1CDA9D-9D5F-4BE9-8874-C76F845134DE}.Release|Any CPU.Build.0 = Release|Any CPU
		{09907140-36B7-4386-B91D-ABC17F6530D3}.Debug|Any CPU.ActiveCfg = Debug|Any CPU
		{09907140-36B7-4386-B91D-ABC17F6530D3}.Debug|Any CPU.Build.0 = Debug|Any CPU
		{09907140-36B7-4386-B91D-ABC17F6530D3}.Release|Any CPU.ActiveCfg = Release|Any CPU
		{09907140-36B7-4386-B91D-ABC17F6530D3}.Release|Any CPU.Build.0 = Release|Any CPU
		{95565B1D-5CB8-453E-956A-308C1B1BDF41}.Debug|Any CPU.ActiveCfg = Debug|Any CPU
		{95565B1D-5CB8-453E-956A-308C1B1BDF41}.Debug|Any CPU.Build.0 = Debug|Any CPU
		{95565B1D-5CB8-453E-956A-308C1B1BDF41}.Release|Any CPU.ActiveCfg = Release|Any CPU
		{95565B1D-5CB8-453E-956A-308C1B1BDF41}.Release|Any CPU.Build.0 = Release|Any CPU
		{29BD8F74-7DBA-4792-B30E-A7A972EFBBC5}.Debug|Any CPU.ActiveCfg = Debug|Any CPU
		{29BD8F74-7DBA-4792-B30E-A7A972EFBBC5}.Debug|Any CPU.Build.0 = Debug|Any CPU
		{29BD8F74-7DBA-4792-B30E-A7A972EFBBC5}.Release|Any CPU.ActiveCfg = Release|Any CPU
		{29BD8F74-7DBA-4792-B30E-A7A972EFBBC5}.Release|Any CPU.Build.0 = Release|Any CPU
		{BE888D40-F8EE-41F0-AF89-5B8682448060}.Debug|Any CPU.ActiveCfg = Debug|Any CPU
		{BE888D40-F8EE-41F0-AF89-5B8682448060}.Debug|Any CPU.Build.0 = Debug|Any CPU
		{BE888D40-F8EE-41F0-AF89-5B8682448060}.Release|Any CPU.ActiveCfg = Release|Any CPU
		{BE888D40-F8EE-41F0-AF89-5B8682448060}.Release|Any CPU.Build.0 = Release|Any CPU
	EndGlobalSection
	GlobalSection(SolutionProperties) = preSolution
		HideSolutionNode = FALSE
	EndGlobalSection
	GlobalSection(NestedProjects) = preSolution
		{EE1CDA9D-9D5F-4BE9-8874-C76F845134DE} = {4654680D-2D12-4EB8-BECE-BF90C6F9F118}
		{09907140-36B7-4386-B91D-ABC17F6530D3} = {4654680D-2D12-4EB8-BECE-BF90C6F9F118}
		{95565B1D-5CB8-453E-956A-308C1B1BDF41} = {3C3831BE-095A-4097-A81D-38C5E6E2C846}
		{29BD8F74-7DBA-4792-B30E-A7A972EFBBC5} = {3C3831BE-095A-4097-A81D-38C5E6E2C846}
	EndGlobalSection
	GlobalSection(ExtensibilityGlobals) = postSolution
		SolutionGuid = {0942C8E5-B8BB-4B6C-BA7A-C8B81EAF35AD}
	EndGlobalSection
EndGlobal
