
Microsoft Visual Studio Solution File, Format Version 12.00
# Visual Studio Version 17
VisualStudioVersion = 17.11.35312.102
MinimumVisualStudioVersion = 10.0.40219.1
Project("{FAE04EC0-301F-11D3-BF4B-00C04F79EFBC}") = "TestProject", "TestProject\TestProject.csproj", "{FFC461FE-646C-47B8-9298-D168F944DFF7}"
EndProject
Global
	GlobalSection(SolutionConfigurationPlatforms) = preSolution
		Debug|Any CPU = Debug|Any CPU
		Release|Any CPU = Release|Any CPU
	EndGlobalSection
	GlobalSection(ProjectConfigurationPlatforms) = postSolution
		{FFC461FE-646C-47B8-9298-D168F944DFF7}.Debug|Any CPU.ActiveCfg = Debug|Any CPU
		{FFC461FE-646C-47B8-9298-D168F944DFF7}.Debug|Any CPU.Build.0 = Debug|Any CPU
		{FFC461FE-646C-47B8-9298-D168F944DFF7}.Release|Any CPU.ActiveCfg = Release|Any CPU
		{FFC461FE-646C-47B8-9298-D168F944DFF7}.Release|Any CPU.Build.0 = Release|Any CPU
	EndGlobalSection
	GlobalSection(SolutionProperties) = preSolution
		HideSolutionNode = FALSE
	EndGlobalSection
	GlobalSection(ExtensibilityGlobals) = postSolution
		SolutionGuid = {A7C9EF48-D4AC-47AA-8A12-1CDBA2408A64}
	EndGlobalSection
EndGlobal
